// !$*UTF8*$!
{
	archiveVersion = 1;
	classes = {
	};
	objectVersion = 46;
	objects = {

/* Begin PBXBuildFile section */
		6E0011F4B4BF1CF1F77C1B28 /* Pods_RJWeiBo.framework in Frameworks */ = {isa = PBXBuildFile; fileRef = 078F4BC020DFCABA7E9B97AE /* Pods_RJWeiBo.framework */; };
		8B34BE681E6ED4AA001CCBD0 /* QorumLogs.swift in Sources */ = {isa = PBXBuildFile; fileRef = 8B34BE671E6ED4AA001CCBD0 /* QorumLogs.swift */; };
		8B34BE911E6ED4B8001CCBD0 /* NSDate-Extension.swift in Sources */ = {isa = PBXBuildFile; fileRef = 8B34BE8E1E6ED4B8001CCBD0 /* NSDate-Extension.swift */; };
		8B34BE921E6ED4B8001CCBD0 /* UIBarButtonItem-Extension.swift in Sources */ = {isa = PBXBuildFile; fileRef = 8B34BE8F1E6ED4B8001CCBD0 /* UIBarButtonItem-Extension.swift */; };
		8B34BE931E6ED4B8001CCBD0 /* UIColor-Extension.swift in Sources */ = {isa = PBXBuildFile; fileRef = 8B34BE901E6ED4B8001CCBD0 /* UIColor-Extension.swift */; };
		8B34BE961E6ED5A4001CCBD0 /* OAuthViewController.swift in Sources */ = {isa = PBXBuildFile; fileRef = 8B34BE941E6ED5A4001CCBD0 /* OAuthViewController.swift */; };
		8B34BE971E6ED5A4001CCBD0 /* OAuthViewController.xib in Resources */ = {isa = PBXBuildFile; fileRef = 8B34BE951E6ED5A4001CCBD0 /* OAuthViewController.xib */; };
		8B34BE991E6ED9CB001CCBD0 /* RJNavigationController.swift in Sources */ = {isa = PBXBuildFile; fileRef = 8B34BE981E6ED9CB001CCBD0 /* RJNavigationController.swift */; };
		8B34BE9B1E6EDA54001CCBD0 /* Common.swift in Sources */ = {isa = PBXBuildFile; fileRef = 8B34BE9A1E6EDA54001CCBD0 /* Common.swift */; };
		8B34BE9D1E6EDCB2001CCBD0 /* RJProgressHUD.swift in Sources */ = {isa = PBXBuildFile; fileRef = 8B34BE9C1E6EDCB2001CCBD0 /* RJProgressHUD.swift */; };
		8B34BE9F1E6EE77A001CCBD0 /* NetworkTool.swift in Sources */ = {isa = PBXBuildFile; fileRef = 8B34BE9E1E6EE77A001CCBD0 /* NetworkTool.swift */; };
		8B34BEA11E6F9931001CCBD0 /* api.swift in Sources */ = {isa = PBXBuildFile; fileRef = 8B34BEA01E6F9931001CCBD0 /* api.swift */; };
		8B34BEA71E6F9EB4001CCBD0 /* UserAccountViewModel.swift in Sources */ = {isa = PBXBuildFile; fileRef = 8B34BEA61E6F9EB4001CCBD0 /* UserAccountViewModel.swift */; };
		8B34BEA91E6F9EC5001CCBD0 /* UserAccount.swift in Sources */ = {isa = PBXBuildFile; fileRef = 8B34BEA81E6F9EC5001CCBD0 /* UserAccount.swift */; };
		8BA69AF51E6E96E800FCF440 /* AppDelegate.swift in Sources */ = {isa = PBXBuildFile; fileRef = 8BA69AF41E6E96E800FCF440 /* AppDelegate.swift */; };
		8BA69AFA1E6E96E800FCF440 /* Main.storyboard in Resources */ = {isa = PBXBuildFile; fileRef = 8BA69AF81E6E96E800FCF440 /* Main.storyboard */; };
		8BA69AFC1E6E96E800FCF440 /* Assets.xcassets in Resources */ = {isa = PBXBuildFile; fileRef = 8BA69AFB1E6E96E800FCF440 /* Assets.xcassets */; };
		8BA69AFF1E6E96E800FCF440 /* LaunchScreen.storyboard in Resources */ = {isa = PBXBuildFile; fileRef = 8BA69AFD1E6E96E800FCF440 /* LaunchScreen.storyboard */; };
		8BA69B0A1E6E96E800FCF440 /* RJWeiBoTests.swift in Sources */ = {isa = PBXBuildFile; fileRef = 8BA69B091E6E96E800FCF440 /* RJWeiBoTests.swift */; };
		8BA69B151E6E96E800FCF440 /* RJWeiBoUITests.swift in Sources */ = {isa = PBXBuildFile; fileRef = 8BA69B141E6E96E800FCF440 /* RJWeiBoUITests.swift */; };
		8BC8C2A41E714ECC00A840EE /* Status.swift in Sources */ = {isa = PBXBuildFile; fileRef = 8BC8C2A31E714ECC00A840EE /* Status.swift */; };
		8BC8C2A61E7151A300A840EE /* User.swift in Sources */ = {isa = PBXBuildFile; fileRef = 8BC8C2A51E7151A300A840EE /* User.swift */; };
		8BC8C2A81E7153C600A840EE /* TitleButton.swift in Sources */ = {isa = PBXBuildFile; fileRef = 8BC8C2A71E7153C600A840EE /* TitleButton.swift */; };
		8BC8C2AC1E715A1600A840EE /* PopoverViewController.swift in Sources */ = {isa = PBXBuildFile; fileRef = 8BC8C2AA1E715A1600A840EE /* PopoverViewController.swift */; };
		8BC8C2AD1E715A1600A840EE /* PopoverViewController.xib in Resources */ = {isa = PBXBuildFile; fileRef = 8BC8C2AB1E715A1600A840EE /* PopoverViewController.xib */; };
		8BC8C2AF1E715D5200A840EE /* PopoverAnimator.swift in Sources */ = {isa = PBXBuildFile; fileRef = 8BC8C2AE1E715D5200A840EE /* PopoverAnimator.swift */; };
		8BCBA1801E70F14500976A16 /* HomeViewController.swift in Sources */ = {isa = PBXBuildFile; fileRef = 8BCBA17F1E70F14500976A16 /* HomeViewController.swift */; };
		8BCBA1821E70F15A00976A16 /* MessageViewController.swift in Sources */ = {isa = PBXBuildFile; fileRef = 8BCBA1811E70F15A00976A16 /* MessageViewController.swift */; };
		8BCBA1841E70F16E00976A16 /* DiscoverViewController.swift in Sources */ = {isa = PBXBuildFile; fileRef = 8BCBA1831E70F16E00976A16 /* DiscoverViewController.swift */; };
		8BCBA1861E70F18500976A16 /* ProfileViewController.swift in Sources */ = {isa = PBXBuildFile; fileRef = 8BCBA1851E70F18500976A16 /* ProfileViewController.swift */; };
		8BCBA1881E70F19400976A16 /* ComposeViewController.swift in Sources */ = {isa = PBXBuildFile; fileRef = 8BCBA1871E70F19400976A16 /* ComposeViewController.swift */; };
		8BCBA18A1E70F2A900976A16 /* EmptyViewController.swift in Sources */ = {isa = PBXBuildFile; fileRef = 8BCBA1891E70F2A900976A16 /* EmptyViewController.swift */; };
		8BCBA18C1E70F33F00976A16 /* MainViewController.swift in Sources */ = {isa = PBXBuildFile; fileRef = 8BCBA18B1E70F33F00976A16 /* MainViewController.swift */; };
		8BCBA18F1E70F3E100976A16 /* Home.storyboard in Resources */ = {isa = PBXBuildFile; fileRef = 8BCBA18D1E70F3E100976A16 /* Home.storyboard */; };
		8BCBA1921E70F3FA00976A16 /* Message.storyboard in Resources */ = {isa = PBXBuildFile; fileRef = 8BCBA1901E70F3FA00976A16 /* Message.storyboard */; };
		8BCBA1951E70F40B00976A16 /* Empty.storyboard in Resources */ = {isa = PBXBuildFile; fileRef = 8BCBA1931E70F40B00976A16 /* Empty.storyboard */; };
		8BCBA1981E70F42E00976A16 /* Discover.storyboard in Resources */ = {isa = PBXBuildFile; fileRef = 8BCBA1961E70F42E00976A16 /* Discover.storyboard */; };
		8BCBA19E1E70F47600976A16 /* Profile.storyboard in Resources */ = {isa = PBXBuildFile; fileRef = 8BCBA19C1E70F47600976A16 /* Profile.storyboard */; };
		8BCBA1A01E70FF2300976A16 /* UIButton-Extension.swift in Sources */ = {isa = PBXBuildFile; fileRef = 8BCBA19F1E70FF2300976A16 /* UIButton-Extension.swift */; };
/* End PBXBuildFile section */

/* Begin PBXContainerItemProxy section */
		8BA69B061E6E96E800FCF440 /* PBXContainerItemProxy */ = {
			isa = PBXContainerItemProxy;
			containerPortal = 8BA69AE91E6E96E800FCF440 /* Project object */;
			proxyType = 1;
			remoteGlobalIDString = 8BA69AF01E6E96E800FCF440;
			remoteInfo = RJWeiBo;
		};
		8BA69B111E6E96E800FCF440 /* PBXContainerItemProxy */ = {
			isa = PBXContainerItemProxy;
			containerPortal = 8BA69AE91E6E96E800FCF440 /* Project object */;
			proxyType = 1;
			remoteGlobalIDString = 8BA69AF01E6E96E800FCF440;
			remoteInfo = RJWeiBo;
		};
/* End PBXContainerItemProxy section */

/* Begin PBXFileReference section */
		078F4BC020DFCABA7E9B97AE /* Pods_RJWeiBo.framework */ = {isa = PBXFileReference; explicitFileType = wrapper.framework; includeInIndex = 0; path = Pods_RJWeiBo.framework; sourceTree = BUILT_PRODUCTS_DIR; };
		296D0D1D65FA9F57F05527F6 /* Pods-RJWeiBo.release.xcconfig */ = {isa = PBXFileReference; includeInIndex = 1; lastKnownFileType = text.xcconfig; name = "Pods-RJWeiBo.release.xcconfig"; path = "Pods/Target Support Files/Pods-RJWeiBo/Pods-RJWeiBo.release.xcconfig"; sourceTree = "<group>"; };
		8B34BE671E6ED4AA001CCBD0 /* QorumLogs.swift */ = {isa = PBXFileReference; fileEncoding = 4; lastKnownFileType = sourcecode.swift; path = QorumLogs.swift; sourceTree = "<group>"; };
		8B34BE8E1E6ED4B8001CCBD0 /* NSDate-Extension.swift */ = {isa = PBXFileReference; fileEncoding = 4; lastKnownFileType = sourcecode.swift; path = "NSDate-Extension.swift"; sourceTree = "<group>"; };
		8B34BE8F1E6ED4B8001CCBD0 /* UIBarButtonItem-Extension.swift */ = {isa = PBXFileReference; fileEncoding = 4; lastKnownFileType = sourcecode.swift; path = "UIBarButtonItem-Extension.swift"; sourceTree = "<group>"; };
		8B34BE901E6ED4B8001CCBD0 /* UIColor-Extension.swift */ = {isa = PBXFileReference; fileEncoding = 4; lastKnownFileType = sourcecode.swift; path = "UIColor-Extension.swift"; sourceTree = "<group>"; };
		8B34BE941E6ED5A4001CCBD0 /* OAuthViewController.swift */ = {isa = PBXFileReference; fileEncoding = 4; lastKnownFileType = sourcecode.swift; path = OAuthViewController.swift; sourceTree = "<group>"; };
		8B34BE951E6ED5A4001CCBD0 /* OAuthViewController.xib */ = {isa = PBXFileReference; fileEncoding = 4; lastKnownFileType = file.xib; path = OAuthViewController.xib; sourceTree = "<group>"; };
		8B34BE981E6ED9CB001CCBD0 /* RJNavigationController.swift */ = {isa = PBXFileReference; fileEncoding = 4; lastKnownFileType = sourcecode.swift; path = RJNavigationController.swift; sourceTree = "<group>"; };
		8B34BE9A1E6EDA54001CCBD0 /* Common.swift */ = {isa = PBXFileReference; fileEncoding = 4; lastKnownFileType = sourcecode.swift; path = Common.swift; sourceTree = "<group>"; };
		8B34BE9C1E6EDCB2001CCBD0 /* RJProgressHUD.swift */ = {isa = PBXFileReference; fileEncoding = 4; lastKnownFileType = sourcecode.swift; path = RJProgressHUD.swift; sourceTree = "<group>"; };
		8B34BE9E1E6EE77A001CCBD0 /* NetworkTool.swift */ = {isa = PBXFileReference; fileEncoding = 4; lastKnownFileType = sourcecode.swift; path = NetworkTool.swift; sourceTree = "<group>"; };
		8B34BEA01E6F9931001CCBD0 /* api.swift */ = {isa = PBXFileReference; fileEncoding = 4; lastKnownFileType = sourcecode.swift; path = api.swift; sourceTree = "<group>"; };
		8B34BEA61E6F9EB4001CCBD0 /* UserAccountViewModel.swift */ = {isa = PBXFileReference; fileEncoding = 4; lastKnownFileType = sourcecode.swift; path = UserAccountViewModel.swift; sourceTree = "<group>"; };
		8B34BEA81E6F9EC5001CCBD0 /* UserAccount.swift */ = {isa = PBXFileReference; fileEncoding = 4; lastKnownFileType = sourcecode.swift; path = UserAccount.swift; sourceTree = "<group>"; };
		8BA69AF11E6E96E800FCF440 /* RJWeiBo.app */ = {isa = PBXFileReference; explicitFileType = wrapper.application; includeInIndex = 0; path = RJWeiBo.app; sourceTree = BUILT_PRODUCTS_DIR; };
		8BA69AF41E6E96E800FCF440 /* AppDelegate.swift */ = {isa = PBXFileReference; lastKnownFileType = sourcecode.swift; path = AppDelegate.swift; sourceTree = "<group>"; };
		8BA69AF91E6E96E800FCF440 /* Base */ = {isa = PBXFileReference; lastKnownFileType = file.storyboard; name = Base; path = Base.lproj/Main.storyboard; sourceTree = "<group>"; };
		8BA69AFB1E6E96E800FCF440 /* Assets.xcassets */ = {isa = PBXFileReference; lastKnownFileType = folder.assetcatalog; path = Assets.xcassets; sourceTree = "<group>"; };
		8BA69AFE1E6E96E800FCF440 /* Base */ = {isa = PBXFileReference; lastKnownFileType = file.storyboard; name = Base; path = Base.lproj/LaunchScreen.storyboard; sourceTree = "<group>"; };
		8BA69B001E6E96E800FCF440 /* Info.plist */ = {isa = PBXFileReference; lastKnownFileType = text.plist.xml; path = Info.plist; sourceTree = "<group>"; };
		8BA69B051E6E96E800FCF440 /* RJWeiBoTests.xctest */ = {isa = PBXFileReference; explicitFileType = wrapper.cfbundle; includeInIndex = 0; path = RJWeiBoTests.xctest; sourceTree = BUILT_PRODUCTS_DIR; };
		8BA69B091E6E96E800FCF440 /* RJWeiBoTests.swift */ = {isa = PBXFileReference; lastKnownFileType = sourcecode.swift; path = RJWeiBoTests.swift; sourceTree = "<group>"; };
		8BA69B0B1E6E96E800FCF440 /* Info.plist */ = {isa = PBXFileReference; lastKnownFileType = text.plist.xml; path = Info.plist; sourceTree = "<group>"; };
		8BA69B101E6E96E800FCF440 /* RJWeiBoUITests.xctest */ = {isa = PBXFileReference; explicitFileType = wrapper.cfbundle; includeInIndex = 0; path = RJWeiBoUITests.xctest; sourceTree = BUILT_PRODUCTS_DIR; };
		8BA69B141E6E96E800FCF440 /* RJWeiBoUITests.swift */ = {isa = PBXFileReference; lastKnownFileType = sourcecode.swift; path = RJWeiBoUITests.swift; sourceTree = "<group>"; };
		8BA69B161E6E96E800FCF440 /* Info.plist */ = {isa = PBXFileReference; lastKnownFileType = text.plist.xml; path = Info.plist; sourceTree = "<group>"; };
		8BC8C2A31E714ECC00A840EE /* Status.swift */ = {isa = PBXFileReference; fileEncoding = 4; lastKnownFileType = sourcecode.swift; path = Status.swift; sourceTree = "<group>"; };
		8BC8C2A51E7151A300A840EE /* User.swift */ = {isa = PBXFileReference; fileEncoding = 4; lastKnownFileType = sourcecode.swift; path = User.swift; sourceTree = "<group>"; };
		8BC8C2A71E7153C600A840EE /* TitleButton.swift */ = {isa = PBXFileReference; fileEncoding = 4; lastKnownFileType = sourcecode.swift; path = TitleButton.swift; sourceTree = "<group>"; };
		8BC8C2AA1E715A1600A840EE /* PopoverViewController.swift */ = {isa = PBXFileReference; fileEncoding = 4; lastKnownFileType = sourcecode.swift; path = PopoverViewController.swift; sourceTree = "<group>"; };
		8BC8C2AB1E715A1600A840EE /* PopoverViewController.xib */ = {isa = PBXFileReference; fileEncoding = 4; lastKnownFileType = file.xib; path = PopoverViewController.xib; sourceTree = "<group>"; };
		8BC8C2AE1E715D5200A840EE /* PopoverAnimator.swift */ = {isa = PBXFileReference; fileEncoding = 4; lastKnownFileType = sourcecode.swift; path = PopoverAnimator.swift; sourceTree = "<group>"; };
		8BCBA17F1E70F14500976A16 /* HomeViewController.swift */ = {isa = PBXFileReference; fileEncoding = 4; lastKnownFileType = sourcecode.swift; path = HomeViewController.swift; sourceTree = "<group>"; };
		8BCBA1811E70F15A00976A16 /* MessageViewController.swift */ = {isa = PBXFileReference; fileEncoding = 4; lastKnownFileType = sourcecode.swift; path = MessageViewController.swift; sourceTree = "<group>"; };
		8BCBA1831E70F16E00976A16 /* DiscoverViewController.swift */ = {isa = PBXFileReference; fileEncoding = 4; lastKnownFileType = sourcecode.swift; path = DiscoverViewController.swift; sourceTree = "<group>"; };
		8BCBA1851E70F18500976A16 /* ProfileViewController.swift */ = {isa = PBXFileReference; fileEncoding = 4; lastKnownFileType = sourcecode.swift; path = ProfileViewController.swift; sourceTree = "<group>"; };
		8BCBA1871E70F19400976A16 /* ComposeViewController.swift */ = {isa = PBXFileReference; fileEncoding = 4; lastKnownFileType = sourcecode.swift; path = ComposeViewController.swift; sourceTree = "<group>"; };
		8BCBA1891E70F2A900976A16 /* EmptyViewController.swift */ = {isa = PBXFileReference; fileEncoding = 4; lastKnownFileType = sourcecode.swift; path = EmptyViewController.swift; sourceTree = "<group>"; };
		8BCBA18B1E70F33F00976A16 /* MainViewController.swift */ = {isa = PBXFileReference; fileEncoding = 4; lastKnownFileType = sourcecode.swift; path = MainViewController.swift; sourceTree = "<group>"; };
		8BCBA18E1E70F3E100976A16 /* Base */ = {isa = PBXFileReference; lastKnownFileType = file.storyboard; name = Base; path = Base.lproj/Home.storyboard; sourceTree = "<group>"; };
		8BCBA1911E70F3FA00976A16 /* Base */ = {isa = PBXFileReference; lastKnownFileType = file.storyboard; name = Base; path = Base.lproj/Message.storyboard; sourceTree = "<group>"; };
		8BCBA1941E70F40B00976A16 /* Base */ = {isa = PBXFileReference; lastKnownFileType = file.storyboard; name = Base; path = Base.lproj/Empty.storyboard; sourceTree = "<group>"; };
		8BCBA1971E70F42E00976A16 /* Base */ = {isa = PBXFileReference; lastKnownFileType = file.storyboard; name = Base; path = Base.lproj/Discover.storyboard; sourceTree = "<group>"; };
		8BCBA19D1E70F47600976A16 /* Base */ = {isa = PBXFileReference; lastKnownFileType = file.storyboard; name = Base; path = Base.lproj/Profile.storyboard; sourceTree = "<group>"; };
		8BCBA19F1E70FF2300976A16 /* UIButton-Extension.swift */ = {isa = PBXFileReference; fileEncoding = 4; lastKnownFileType = sourcecode.swift; path = "UIButton-Extension.swift"; sourceTree = "<group>"; };
		E5E2E3D54D415DE6918E165E /* Pods-RJWeiBo.debug.xcconfig */ = {isa = PBXFileReference; includeInIndex = 1; lastKnownFileType = text.xcconfig; name = "Pods-RJWeiBo.debug.xcconfig"; path = "Pods/Target Support Files/Pods-RJWeiBo/Pods-RJWeiBo.debug.xcconfig"; sourceTree = "<group>"; };
/* End PBXFileReference section */

/* Begin PBXFrameworksBuildPhase section */
		8BA69AEE1E6E96E800FCF440 /* Frameworks */ = {
			isa = PBXFrameworksBuildPhase;
			buildActionMask = 2147483647;
			files = (
				6E0011F4B4BF1CF1F77C1B28 /* Pods_RJWeiBo.framework in Frameworks */,
			);
			runOnlyForDeploymentPostprocessing = 0;
		};
		8BA69B021E6E96E800FCF440 /* Frameworks */ = {
			isa = PBXFrameworksBuildPhase;
			buildActionMask = 2147483647;
			files = (
			);
			runOnlyForDeploymentPostprocessing = 0;
		};
		8BA69B0D1E6E96E800FCF440 /* Frameworks */ = {
			isa = PBXFrameworksBuildPhase;
			buildActionMask = 2147483647;
			files = (
			);
			runOnlyForDeploymentPostprocessing = 0;
		};
/* End PBXFrameworksBuildPhase section */

/* Begin PBXGroup section */
		156B0C70567B363A587AE237 /* Frameworks */ = {
			isa = PBXGroup;
			children = (
				078F4BC020DFCABA7E9B97AE /* Pods_RJWeiBo.framework */,
			);
			name = Frameworks;
			sourceTree = "<group>";
		};
		8B34BDF61E6ED41B001CCBD0 /* Classes */ = {
			isa = PBXGroup;
			children = (
				8B34BE781E6ED4B8001CCBD0 /* Main */,
				8B34BE691E6ED4B8001CCBD0 /* Compose */,
				8B34BE6E1E6ED4B8001CCBD0 /* Discover */,
				8B34BE731E6ED4B8001CCBD0 /* Home */,
				8B34BE7D1E6ED4B8001CCBD0 /* Message */,
				8B34BE821E6ED4B8001CCBD0 /* OAuth */,
				8B34BE871E6ED4B8001CCBD0 /* Profile */,
				8B34BE8C1E6ED4B8001CCBD0 /* Tools */,
				8B34BE661E6ED4AA001CCBD0 /* Lib */,
			);
			path = Classes;
			sourceTree = "<group>";
		};
		8B34BE661E6ED4AA001CCBD0 /* Lib */ = {
			isa = PBXGroup;
			children = (
				8B34BE671E6ED4AA001CCBD0 /* QorumLogs.swift */,
			);
			path = Lib;
			sourceTree = "<group>";
		};
		8B34BE691E6ED4B8001CCBD0 /* Compose */ = {
			isa = PBXGroup;
			children = (
				8B34BE6A1E6ED4B8001CCBD0 /* Controller */,
				8B34BE6B1E6ED4B8001CCBD0 /* Model */,
				8B34BE6C1E6ED4B8001CCBD0 /* View */,
				8B34BE6D1E6ED4B8001CCBD0 /* ViewModel */,
			);
			path = Compose;
			sourceTree = "<group>";
		};
		8B34BE6A1E6ED4B8001CCBD0 /* Controller */ = {
			isa = PBXGroup;
			children = (
				8BCBA1871E70F19400976A16 /* ComposeViewController.swift */,
			);
			path = Controller;
			sourceTree = "<group>";
		};
		8B34BE6B1E6ED4B8001CCBD0 /* Model */ = {
			isa = PBXGroup;
			children = (
			);
			path = Model;
			sourceTree = "<group>";
		};
		8B34BE6C1E6ED4B8001CCBD0 /* View */ = {
			isa = PBXGroup;
			children = (
			);
			path = View;
			sourceTree = "<group>";
		};
		8B34BE6D1E6ED4B8001CCBD0 /* ViewModel */ = {
			isa = PBXGroup;
			children = (
			);
			path = ViewModel;
			sourceTree = "<group>";
		};
		8B34BE6E1E6ED4B8001CCBD0 /* Discover */ = {
			isa = PBXGroup;
			children = (
				8B34BE6F1E6ED4B8001CCBD0 /* Controller */,
				8B34BE701E6ED4B8001CCBD0 /* Model */,
				8B34BE711E6ED4B8001CCBD0 /* View */,
				8B34BE721E6ED4B8001CCBD0 /* ViewModel */,
			);
			path = Discover;
			sourceTree = "<group>";
		};
		8B34BE6F1E6ED4B8001CCBD0 /* Controller */ = {
			isa = PBXGroup;
			children = (
				8BCBA1831E70F16E00976A16 /* DiscoverViewController.swift */,
			);
			path = Controller;
			sourceTree = "<group>";
		};
		8B34BE701E6ED4B8001CCBD0 /* Model */ = {
			isa = PBXGroup;
			children = (
			);
			path = Model;
			sourceTree = "<group>";
		};
		8B34BE711E6ED4B8001CCBD0 /* View */ = {
			isa = PBXGroup;
			children = (
			);
			path = View;
			sourceTree = "<group>";
		};
		8B34BE721E6ED4B8001CCBD0 /* ViewModel */ = {
			isa = PBXGroup;
			children = (
			);
			path = ViewModel;
			sourceTree = "<group>";
		};
		8B34BE731E6ED4B8001CCBD0 /* Home */ = {
			isa = PBXGroup;
			children = (
				8BC8C2A91E715A0300A840EE /* UIPopover */,
				8B34BE741E6ED4B8001CCBD0 /* Controller */,
				8B34BE751E6ED4B8001CCBD0 /* Model */,
				8B34BE761E6ED4B8001CCBD0 /* View */,
				8B34BE771E6ED4B8001CCBD0 /* ViewModel */,
			);
			path = Home;
			sourceTree = "<group>";
		};
		8B34BE741E6ED4B8001CCBD0 /* Controller */ = {
			isa = PBXGroup;
			children = (
				8BCBA17F1E70F14500976A16 /* HomeViewController.swift */,
			);
			path = Controller;
			sourceTree = "<group>";
		};
		8B34BE751E6ED4B8001CCBD0 /* Model */ = {
			isa = PBXGroup;
			children = (
				8BC8C2A51E7151A300A840EE /* User.swift */,
				8BC8C2A31E714ECC00A840EE /* Status.swift */,
			);
			path = Model;
			sourceTree = "<group>";
		};
		8B34BE761E6ED4B8001CCBD0 /* View */ = {
			isa = PBXGroup;
			children = (
				8BC8C2A71E7153C600A840EE /* TitleButton.swift */,
			);
			path = View;
			sourceTree = "<group>";
		};
		8B34BE771E6ED4B8001CCBD0 /* ViewModel */ = {
			isa = PBXGroup;
			children = (
			);
			path = ViewModel;
			sourceTree = "<group>";
		};
		8B34BE781E6ED4B8001CCBD0 /* Main */ = {
			isa = PBXGroup;
			children = (
				8B34BE791E6ED4B8001CCBD0 /* Controller */,
				8B34BE7A1E6ED4B8001CCBD0 /* Model */,
				8B34BE7B1E6ED4B8001CCBD0 /* View */,
				8B34BE7C1E6ED4B8001CCBD0 /* ViewModel */,
			);
			path = Main;
			sourceTree = "<group>";
		};
		8B34BE791E6ED4B8001CCBD0 /* Controller */ = {
			isa = PBXGroup;
			children = (
				8B34BE981E6ED9CB001CCBD0 /* RJNavigationController.swift */,
				8BCBA18B1E70F33F00976A16 /* MainViewController.swift */,
			);
			path = Controller;
			sourceTree = "<group>";
		};
		8B34BE7A1E6ED4B8001CCBD0 /* Model */ = {
			isa = PBXGroup;
			children = (
			);
			path = Model;
			sourceTree = "<group>";
		};
		8B34BE7B1E6ED4B8001CCBD0 /* View */ = {
			isa = PBXGroup;
			children = (
			);
			path = View;
			sourceTree = "<group>";
		};
		8B34BE7C1E6ED4B8001CCBD0 /* ViewModel */ = {
			isa = PBXGroup;
			children = (
			);
			path = ViewModel;
			sourceTree = "<group>";
		};
		8B34BE7D1E6ED4B8001CCBD0 /* Message */ = {
			isa = PBXGroup;
			children = (
				8B34BE7E1E6ED4B8001CCBD0 /* Controller */,
				8B34BE7F1E6ED4B8001CCBD0 /* Model */,
				8B34BE801E6ED4B8001CCBD0 /* View */,
				8B34BE811E6ED4B8001CCBD0 /* ViewModel */,
			);
			path = Message;
			sourceTree = "<group>";
		};
		8B34BE7E1E6ED4B8001CCBD0 /* Controller */ = {
			isa = PBXGroup;
			children = (
				8BCBA1811E70F15A00976A16 /* MessageViewController.swift */,
			);
			path = Controller;
			sourceTree = "<group>";
		};
		8B34BE7F1E6ED4B8001CCBD0 /* Model */ = {
			isa = PBXGroup;
			children = (
			);
			path = Model;
			sourceTree = "<group>";
		};
		8B34BE801E6ED4B8001CCBD0 /* View */ = {
			isa = PBXGroup;
			children = (
			);
			path = View;
			sourceTree = "<group>";
		};
		8B34BE811E6ED4B8001CCBD0 /* ViewModel */ = {
			isa = PBXGroup;
			children = (
			);
			path = ViewModel;
			sourceTree = "<group>";
		};
		8B34BE821E6ED4B8001CCBD0 /* OAuth */ = {
			isa = PBXGroup;
			children = (
				8B34BEA41E6F9EB4001CCBD0 /* Model */,
				8B34BEA51E6F9EB4001CCBD0 /* ViewModel */,
				8B34BE831E6ED4B8001CCBD0 /* Controller */,
			);
			path = OAuth;
			sourceTree = "<group>";
		};
		8B34BE831E6ED4B8001CCBD0 /* Controller */ = {
			isa = PBXGroup;
			children = (
				8B34BE941E6ED5A4001CCBD0 /* OAuthViewController.swift */,
				8B34BE951E6ED5A4001CCBD0 /* OAuthViewController.xib */,
				8BCBA1891E70F2A900976A16 /* EmptyViewController.swift */,
			);
			path = Controller;
			sourceTree = "<group>";
		};
		8B34BE871E6ED4B8001CCBD0 /* Profile */ = {
			isa = PBXGroup;
			children = (
				8B34BE881E6ED4B8001CCBD0 /* Controller */,
				8B34BE891E6ED4B8001CCBD0 /* Model */,
				8B34BE8A1E6ED4B8001CCBD0 /* View */,
				8B34BE8B1E6ED4B8001CCBD0 /* ViewModel */,
			);
			path = Profile;
			sourceTree = "<group>";
		};
		8B34BE881E6ED4B8001CCBD0 /* Controller */ = {
			isa = PBXGroup;
			children = (
				8BCBA1851E70F18500976A16 /* ProfileViewController.swift */,
			);
			path = Controller;
			sourceTree = "<group>";
		};
		8B34BE891E6ED4B8001CCBD0 /* Model */ = {
			isa = PBXGroup;
			children = (
			);
			path = Model;
			sourceTree = "<group>";
		};
		8B34BE8A1E6ED4B8001CCBD0 /* View */ = {
			isa = PBXGroup;
			children = (
			);
			path = View;
			sourceTree = "<group>";
		};
		8B34BE8B1E6ED4B8001CCBD0 /* ViewModel */ = {
			isa = PBXGroup;
			children = (
			);
			path = ViewModel;
			sourceTree = "<group>";
		};
		8B34BE8C1E6ED4B8001CCBD0 /* Tools */ = {
			isa = PBXGroup;
			children = (
				8B34BE8D1E6ED4B8001CCBD0 /* Extension */,
				8B34BE9A1E6EDA54001CCBD0 /* Common.swift */,
				8B34BE9C1E6EDCB2001CCBD0 /* RJProgressHUD.swift */,
				8B34BE9E1E6EE77A001CCBD0 /* NetworkTool.swift */,
				8B34BEA01E6F9931001CCBD0 /* api.swift */,
			);
			path = Tools;
			sourceTree = "<group>";
		};
		8B34BE8D1E6ED4B8001CCBD0 /* Extension */ = {
			isa = PBXGroup;
			children = (
				8BCBA19F1E70FF2300976A16 /* UIButton-Extension.swift */,
				8B34BE8E1E6ED4B8001CCBD0 /* NSDate-Extension.swift */,
				8B34BE8F1E6ED4B8001CCBD0 /* UIBarButtonItem-Extension.swift */,
				8B34BE901E6ED4B8001CCBD0 /* UIColor-Extension.swift */,
			);
			path = Extension;
			sourceTree = "<group>";
		};
		8B34BEA41E6F9EB4001CCBD0 /* Model */ = {
			isa = PBXGroup;
			children = (
				8B34BEA81E6F9EC5001CCBD0 /* UserAccount.swift */,
			);
			path = Model;
			sourceTree = "<group>";
		};
		8B34BEA51E6F9EB4001CCBD0 /* ViewModel */ = {
			isa = PBXGroup;
			children = (
				8B34BEA61E6F9EB4001CCBD0 /* UserAccountViewModel.swift */,
			);
			path = ViewModel;
			sourceTree = "<group>";
		};
		8BA69AE81E6E96E800FCF440 = {
			isa = PBXGroup;
			children = (
				8BA69AF31E6E96E800FCF440 /* RJWeiBo */,
				8BA69B081E6E96E800FCF440 /* RJWeiBoTests */,
				8BA69B131E6E96E800FCF440 /* RJWeiBoUITests */,
				8BA69AF21E6E96E800FCF440 /* Products */,
				9B07673D1C2A8D26C50689EF /* Pods */,
				156B0C70567B363A587AE237 /* Frameworks */,
			);
			sourceTree = "<group>";
		};
		8BA69AF21E6E96E800FCF440 /* Products */ = {
			isa = PBXGroup;
			children = (
				8BA69AF11E6E96E800FCF440 /* RJWeiBo.app */,
				8BA69B051E6E96E800FCF440 /* RJWeiBoTests.xctest */,
				8BA69B101E6E96E800FCF440 /* RJWeiBoUITests.xctest */,
			);
			name = Products;
			sourceTree = "<group>";
		};
		8BA69AF31E6E96E800FCF440 /* RJWeiBo */ = {
			isa = PBXGroup;
			children = (
				8B34BDF61E6ED41B001CCBD0 /* Classes */,
				8BA69AF41E6E96E800FCF440 /* AppDelegate.swift */,
				8BA69AF81E6E96E800FCF440 /* Main.storyboard */,
				8BCBA19C1E70F47600976A16 /* Profile.storyboard */,
				8BCBA1961E70F42E00976A16 /* Discover.storyboard */,
				8BCBA1931E70F40B00976A16 /* Empty.storyboard */,
				8BCBA1901E70F3FA00976A16 /* Message.storyboard */,
				8BCBA18D1E70F3E100976A16 /* Home.storyboard */,
				8BA69AFB1E6E96E800FCF440 /* Assets.xcassets */,
				8BA69AFD1E6E96E800FCF440 /* LaunchScreen.storyboard */,
				8BA69B001E6E96E800FCF440 /* Info.plist */,
			);
			path = RJWeiBo;
			sourceTree = "<group>";
		};
		8BA69B081E6E96E800FCF440 /* RJWeiBoTests */ = {
			isa = PBXGroup;
			children = (
				8BA69B091E6E96E800FCF440 /* RJWeiBoTests.swift */,
				8BA69B0B1E6E96E800FCF440 /* Info.plist */,
			);
			path = RJWeiBoTests;
			sourceTree = "<group>";
		};
		8BA69B131E6E96E800FCF440 /* RJWeiBoUITests */ = {
			isa = PBXGroup;
			children = (
				8BA69B141E6E96E800FCF440 /* RJWeiBoUITests.swift */,
				8BA69B161E6E96E800FCF440 /* Info.plist */,
			);
			path = RJWeiBoUITests;
			sourceTree = "<group>";
		};
		8BC8C2A91E715A0300A840EE /* UIPopover */ = {
			isa = PBXGroup;
			children = (
				8BC8C2AA1E715A1600A840EE /* PopoverViewController.swift */,
				8BC8C2AB1E715A1600A840EE /* PopoverViewController.xib */,
				8BC8C2AE1E715D5200A840EE /* PopoverAnimator.swift */,
			);
			path = UIPopover;
			sourceTree = "<group>";
		};
		9B07673D1C2A8D26C50689EF /* Pods */ = {
			isa = PBXGroup;
			children = (
				E5E2E3D54D415DE6918E165E /* Pods-RJWeiBo.debug.xcconfig */,
				296D0D1D65FA9F57F05527F6 /* Pods-RJWeiBo.release.xcconfig */,
			);
			name = Pods;
			sourceTree = "<group>";
		};
/* End PBXGroup section */

/* Begin PBXNativeTarget section */
		8BA69AF01E6E96E800FCF440 /* RJWeiBo */ = {
			isa = PBXNativeTarget;
			buildConfigurationList = 8BA69B191E6E96E800FCF440 /* Build configuration list for PBXNativeTarget "RJWeiBo" */;
			buildPhases = (
				223D98AC1A8F3185B15E142C /* [CP] Check Pods Manifest.lock */,
				8BA69AED1E6E96E800FCF440 /* Sources */,
				8BA69AEE1E6E96E800FCF440 /* Frameworks */,
				8BA69AEF1E6E96E800FCF440 /* Resources */,
				98A0DFECF071B9BD646449E6 /* [CP] Embed Pods Frameworks */,
				1494D260862F7D5D29D276EC /* [CP] Copy Pods Resources */,
			);
			buildRules = (
			);
			dependencies = (
			);
			name = RJWeiBo;
			productName = RJWeiBo;
			productReference = 8BA69AF11E6E96E800FCF440 /* RJWeiBo.app */;
			productType = "com.apple.product-type.application";
		};
		8BA69B041E6E96E800FCF440 /* RJWeiBoTests */ = {
			isa = PBXNativeTarget;
			buildConfigurationList = 8BA69B1C1E6E96E800FCF440 /* Build configuration list for PBXNativeTarget "RJWeiBoTests" */;
			buildPhases = (
				8BA69B011E6E96E800FCF440 /* Sources */,
				8BA69B021E6E96E800FCF440 /* Frameworks */,
				8BA69B031E6E96E800FCF440 /* Resources */,
			);
			buildRules = (
			);
			dependencies = (
				8BA69B071E6E96E800FCF440 /* PBXTargetDependency */,
			);
			name = RJWeiBoTests;
			productName = RJWeiBoTests;
			productReference = 8BA69B051E6E96E800FCF440 /* RJWeiBoTests.xctest */;
			productType = "com.apple.product-type.bundle.unit-test";
		};
		8BA69B0F1E6E96E800FCF440 /* RJWeiBoUITests */ = {
			isa = PBXNativeTarget;
			buildConfigurationList = 8BA69B1F1E6E96E800FCF440 /* Build configuration list for PBXNativeTarget "RJWeiBoUITests" */;
			buildPhases = (
				8BA69B0C1E6E96E800FCF440 /* Sources */,
				8BA69B0D1E6E96E800FCF440 /* Frameworks */,
				8BA69B0E1E6E96E800FCF440 /* Resources */,
			);
			buildRules = (
			);
			dependencies = (
				8BA69B121E6E96E800FCF440 /* PBXTargetDependency */,
			);
			name = RJWeiBoUITests;
			productName = RJWeiBoUITests;
			productReference = 8BA69B101E6E96E800FCF440 /* RJWeiBoUITests.xctest */;
			productType = "com.apple.product-type.bundle.ui-testing";
		};
/* End PBXNativeTarget section */

/* Begin PBXProject section */
		8BA69AE91E6E96E800FCF440 /* Project object */ = {
			isa = PBXProject;
			attributes = {
				LastSwiftUpdateCheck = 0820;
				LastUpgradeCheck = 0820;
				ORGANIZATIONNAME = app;
				TargetAttributes = {
					8BA69AF01E6E96E800FCF440 = {
						CreatedOnToolsVersion = 8.2.1;
						DevelopmentTeam = 4S6656AKC4;
						ProvisioningStyle = Manual;
					};
					8BA69B041E6E96E800FCF440 = {
						CreatedOnToolsVersion = 8.2.1;
						ProvisioningStyle = Automatic;
						TestTargetID = 8BA69AF01E6E96E800FCF440;
					};
					8BA69B0F1E6E96E800FCF440 = {
						CreatedOnToolsVersion = 8.2.1;
						ProvisioningStyle = Automatic;
						TestTargetID = 8BA69AF01E6E96E800FCF440;
					};
				};
			};
			buildConfigurationList = 8BA69AEC1E6E96E800FCF440 /* Build configuration list for PBXProject "RJWeiBo" */;
			compatibilityVersion = "Xcode 3.2";
			developmentRegion = English;
			hasScannedForEncodings = 0;
			knownRegions = (
				en,
				Base,
			);
			mainGroup = 8BA69AE81E6E96E800FCF440;
			productRefGroup = 8BA69AF21E6E96E800FCF440 /* Products */;
			projectDirPath = "";
			projectRoot = "";
			targets = (
				8BA69AF01E6E96E800FCF440 /* RJWeiBo */,
				8BA69B041E6E96E800FCF440 /* RJWeiBoTests */,
				8BA69B0F1E6E96E800FCF440 /* RJWeiBoUITests */,
			);
		};
/* End PBXProject section */

/* Begin PBXResourcesBuildPhase section */
		8BA69AEF1E6E96E800FCF440 /* Resources */ = {
			isa = PBXResourcesBuildPhase;
			buildActionMask = 2147483647;
			files = (
				8B34BE971E6ED5A4001CCBD0 /* OAuthViewController.xib in Resources */,
				8BCBA1981E70F42E00976A16 /* Discover.storyboard in Resources */,
				8BCBA1951E70F40B00976A16 /* Empty.storyboard in Resources */,
				8BCBA18F1E70F3E100976A16 /* Home.storyboard in Resources */,
				8BC8C2AD1E715A1600A840EE /* PopoverViewController.xib in Resources */,
				8BA69AFF1E6E96E800FCF440 /* LaunchScreen.storyboard in Resources */,
				8BA69AFC1E6E96E800FCF440 /* Assets.xcassets in Resources */,
				8BCBA19E1E70F47600976A16 /* Profile.storyboard in Resources */,
				8BCBA1921E70F3FA00976A16 /* Message.storyboard in Resources */,
				8BA69AFA1E6E96E800FCF440 /* Main.storyboard in Resources */,
			);
			runOnlyForDeploymentPostprocessing = 0;
		};
		8BA69B031E6E96E800FCF440 /* Resources */ = {
			isa = PBXResourcesBuildPhase;
			buildActionMask = 2147483647;
			files = (
			);
			runOnlyForDeploymentPostprocessing = 0;
		};
		8BA69B0E1E6E96E800FCF440 /* Resources */ = {
			isa = PBXResourcesBuildPhase;
			buildActionMask = 2147483647;
			files = (
			);
			runOnlyForDeploymentPostprocessing = 0;
		};
/* End PBXResourcesBuildPhase section */

/* Begin PBXShellScriptBuildPhase section */
		1494D260862F7D5D29D276EC /* [CP] Copy Pods Resources */ = {
			isa = PBXShellScriptBuildPhase;
			buildActionMask = 2147483647;
			files = (
			);
			inputPaths = (
			);
			name = "[CP] Copy Pods Resources";
			outputPaths = (
			);
			runOnlyForDeploymentPostprocessing = 0;
			shellPath = /bin/sh;
			shellScript = "\"${SRCROOT}/Pods/Target Support Files/Pods-RJWeiBo/Pods-RJWeiBo-resources.sh\"\n";
			showEnvVarsInLog = 0;
		};
		223D98AC1A8F3185B15E142C /* [CP] Check Pods Manifest.lock */ = {
			isa = PBXShellScriptBuildPhase;
			buildActionMask = 2147483647;
			files = (
			);
			inputPaths = (
			);
			name = "[CP] Check Pods Manifest.lock";
			outputPaths = (
			);
			runOnlyForDeploymentPostprocessing = 0;
			shellPath = /bin/sh;
			shellScript = "diff \"${PODS_ROOT}/../Podfile.lock\" \"${PODS_ROOT}/Manifest.lock\" > /dev/null\nif [ $? != 0 ] ; then\n    # print error to STDERR\n    echo \"error: The sandbox is not in sync with the Podfile.lock. Run 'pod install' or update your CocoaPods installation.\" >&2\n    exit 1\nfi\n";
			showEnvVarsInLog = 0;
		};
		98A0DFECF071B9BD646449E6 /* [CP] Embed Pods Frameworks */ = {
			isa = PBXShellScriptBuildPhase;
			buildActionMask = 2147483647;
			files = (
			);
			inputPaths = (
			);
			name = "[CP] Embed Pods Frameworks";
			outputPaths = (
			);
			runOnlyForDeploymentPostprocessing = 0;
			shellPath = /bin/sh;
			shellScript = "\"${SRCROOT}/Pods/Target Support Files/Pods-RJWeiBo/Pods-RJWeiBo-frameworks.sh\"\n";
			showEnvVarsInLog = 0;
		};
/* End PBXShellScriptBuildPhase section */

/* Begin PBXSourcesBuildPhase section */
		8BA69AED1E6E96E800FCF440 /* Sources */ = {
			isa = PBXSourcesBuildPhase;
			buildActionMask = 2147483647;
			files = (
				8B34BE9B1E6EDA54001CCBD0 /* Common.swift in Sources */,
				8BCBA1A01E70FF2300976A16 /* UIButton-Extension.swift in Sources */,
				8B34BE961E6ED5A4001CCBD0 /* OAuthViewController.swift in Sources */,
				8B34BE9F1E6EE77A001CCBD0 /* NetworkTool.swift in Sources */,
				8B34BE9D1E6EDCB2001CCBD0 /* RJProgressHUD.swift in Sources */,
				8BCBA1821E70F15A00976A16 /* MessageViewController.swift in Sources */,
				8BCBA18A1E70F2A900976A16 /* EmptyViewController.swift in Sources */,
				8BC8C2AC1E715A1600A840EE /* PopoverViewController.swift in Sources */,
				8BCBA1841E70F16E00976A16 /* DiscoverViewController.swift in Sources */,
				8B34BE921E6ED4B8001CCBD0 /* UIBarButtonItem-Extension.swift in Sources */,
				8BCBA1861E70F18500976A16 /* ProfileViewController.swift in Sources */,
				8BC8C2A81E7153C600A840EE /* TitleButton.swift in Sources */,
				8BCBA1801E70F14500976A16 /* HomeViewController.swift in Sources */,
				8BCBA1881E70F19400976A16 /* ComposeViewController.swift in Sources */,
				8B34BEA91E6F9EC5001CCBD0 /* UserAccount.swift in Sources */,
				8B34BE931E6ED4B8001CCBD0 /* UIColor-Extension.swift in Sources */,
				8BA69AF51E6E96E800FCF440 /* AppDelegate.swift in Sources */,
				8BC8C2A41E714ECC00A840EE /* Status.swift in Sources */,
				8B34BE911E6ED4B8001CCBD0 /* NSDate-Extension.swift in Sources */,
				8B34BEA71E6F9EB4001CCBD0 /* UserAccountViewModel.swift in Sources */,
				8BC8C2AF1E715D5200A840EE /* PopoverAnimator.swift in Sources */,
				8B34BE991E6ED9CB001CCBD0 /* RJNavigationController.swift in Sources */,
				8B34BEA11E6F9931001CCBD0 /* api.swift in Sources */,
				8B34BE681E6ED4AA001CCBD0 /* QorumLogs.swift in Sources */,
				8BCBA18C1E70F33F00976A16 /* MainViewController.swift in Sources */,
				8BC8C2A61E7151A300A840EE /* User.swift in Sources */,
			);
			runOnlyForDeploymentPostprocessing = 0;
		};
		8BA69B011E6E96E800FCF440 /* Sources */ = {
			isa = PBXSourcesBuildPhase;
			buildActionMask = 2147483647;
			files = (
				8BA69B0A1E6E96E800FCF440 /* RJWeiBoTests.swift in Sources */,
			);
			runOnlyForDeploymentPostprocessing = 0;
		};
		8BA69B0C1E6E96E800FCF440 /* Sources */ = {
			isa = PBXSourcesBuildPhase;
			buildActionMask = 2147483647;
			files = (
				8BA69B151E6E96E800FCF440 /* RJWeiBoUITests.swift in Sources */,
			);
			runOnlyForDeploymentPostprocessing = 0;
		};
/* End PBXSourcesBuildPhase section */

/* Begin PBXTargetDependency section */
		8BA69B071E6E96E800FCF440 /* PBXTargetDependency */ = {
			isa = PBXTargetDependency;
			target = 8BA69AF01E6E96E800FCF440 /* RJWeiBo */;
			targetProxy = 8BA69B061E6E96E800FCF440 /* PBXContainerItemProxy */;
		};
		8BA69B121E6E96E800FCF440 /* PBXTargetDependency */ = {
			isa = PBXTargetDependency;
			target = 8BA69AF01E6E96E800FCF440 /* RJWeiBo */;
			targetProxy = 8BA69B111E6E96E800FCF440 /* PBXContainerItemProxy */;
		};
/* End PBXTargetDependency section */

/* Begin PBXVariantGroup section */
		8BA69AF81E6E96E800FCF440 /* Main.storyboard */ = {
			isa = PBXVariantGroup;
			children = (
				8BA69AF91E6E96E800FCF440 /* Base */,
			);
			name = Main.storyboard;
			sourceTree = "<group>";
		};
		8BA69AFD1E6E96E800FCF440 /* LaunchScreen.storyboard */ = {
			isa = PBXVariantGroup;
			children = (
				8BA69AFE1E6E96E800FCF440 /* Base */,
			);
			name = LaunchScreen.storyboard;
			sourceTree = "<group>";
		};
		8BCBA18D1E70F3E100976A16 /* Home.storyboard */ = {
			isa = PBXVariantGroup;
			children = (
				8BCBA18E1E70F3E100976A16 /* Base */,
			);
			name = Home.storyboard;
			sourceTree = "<group>";
		};
		8BCBA1901E70F3FA00976A16 /* Message.storyboard */ = {
			isa = PBXVariantGroup;
			children = (
				8BCBA1911E70F3FA00976A16 /* Base */,
			);
			name = Message.storyboard;
			sourceTree = "<group>";
		};
		8BCBA1931E70F40B00976A16 /* Empty.storyboard */ = {
			isa = PBXVariantGroup;
			children = (
				8BCBA1941E70F40B00976A16 /* Base */,
			);
			name = Empty.storyboard;
			sourceTree = "<group>";
		};
		8BCBA1961E70F42E00976A16 /* Discover.storyboard */ = {
			isa = PBXVariantGroup;
			children = (
				8BCBA1971E70F42E00976A16 /* Base */,
			);
			name = Discover.storyboard;
			sourceTree = "<group>";
		};
		8BCBA19C1E70F47600976A16 /* Profile.storyboard */ = {
			isa = PBXVariantGroup;
			children = (
				8BCBA19D1E70F47600976A16 /* Base */,
			);
			name = Profile.storyboard;
			sourceTree = "<group>";
		};
/* End PBXVariantGroup section */

/* Begin XCBuildConfiguration section */
		8BA69B171E6E96E800FCF440 /* Debug */ = {
			isa = XCBuildConfiguration;
			buildSettings = {
				ALWAYS_SEARCH_USER_PATHS = NO;
				CLANG_ANALYZER_NONNULL = YES;
				CLANG_CXX_LANGUAGE_STANDARD = "gnu++0x";
				CLANG_CXX_LIBRARY = "libc++";
				CLANG_ENABLE_MODULES = YES;
				CLANG_ENABLE_OBJC_ARC = YES;
				CLANG_WARN_BOOL_CONVERSION = YES;
				CLANG_WARN_CONSTANT_CONVERSION = YES;
				CLANG_WARN_DIRECT_OBJC_ISA_USAGE = YES_ERROR;
				CLANG_WARN_DOCUMENTATION_COMMENTS = YES;
				CLANG_WARN_EMPTY_BODY = YES;
				CLANG_WARN_ENUM_CONVERSION = YES;
				CLANG_WARN_INFINITE_RECURSION = YES;
				CLANG_WARN_INT_CONVERSION = YES;
				CLANG_WARN_OBJC_ROOT_CLASS = YES_ERROR;
				CLANG_WARN_SUSPICIOUS_MOVE = YES;
				CLANG_WARN_UNREACHABLE_CODE = YES;
				CLANG_WARN__DUPLICATE_METHOD_MATCH = YES;
				"CODE_SIGN_IDENTITY[sdk=iphoneos*]" = "iPhone Developer";
				COPY_PHASE_STRIP = NO;
				DEBUG_INFORMATION_FORMAT = dwarf;
				ENABLE_STRICT_OBJC_MSGSEND = YES;
				ENABLE_TESTABILITY = YES;
				GCC_C_LANGUAGE_STANDARD = gnu99;
				GCC_DYNAMIC_NO_PIC = NO;
				GCC_NO_COMMON_BLOCKS = YES;
				GCC_OPTIMIZATION_LEVEL = 0;
				GCC_PREPROCESSOR_DEFINITIONS = (
					"DEBUG=1",
					"$(inherited)",
				);
				GCC_WARN_64_TO_32_BIT_CONVERSION = YES;
				GCC_WARN_ABOUT_RETURN_TYPE = YES_ERROR;
				GCC_WARN_UNDECLARED_SELECTOR = YES;
				GCC_WARN_UNINITIALIZED_AUTOS = YES_AGGRESSIVE;
				GCC_WARN_UNUSED_FUNCTION = YES;
				GCC_WARN_UNUSED_VARIABLE = YES;
				IPHONEOS_DEPLOYMENT_TARGET = 10.2;
				MTL_ENABLE_DEBUG_INFO = YES;
				ONLY_ACTIVE_ARCH = YES;
				SDKROOT = iphoneos;
				SWIFT_ACTIVE_COMPILATION_CONDITIONS = DEBUG;
				SWIFT_OPTIMIZATION_LEVEL = "-Onone";
			};
			name = Debug;
		};
		8BA69B181E6E96E800FCF440 /* Release */ = {
			isa = XCBuildConfiguration;
			buildSettings = {
				ALWAYS_SEARCH_USER_PATHS = NO;
				CLANG_ANALYZER_NONNULL = YES;
				CLANG_CXX_LANGUAGE_STANDARD = "gnu++0x";
				CLANG_CXX_LIBRARY = "libc++";
				CLANG_ENABLE_MODULES = YES;
				CLANG_ENABLE_OBJC_ARC = YES;
				CLANG_WARN_BOOL_CONVERSION = YES;
				CLANG_WARN_CONSTANT_CONVERSION = YES;
				CLANG_WARN_DIRECT_OBJC_ISA_USAGE = YES_ERROR;
				CLANG_WARN_DOCUMENTATION_COMMENTS = YES;
				CLANG_WARN_EMPTY_BODY = YES;
				CLANG_WARN_ENUM_CONVERSION = YES;
				CLANG_WARN_INFINITE_RECURSION = YES;
				CLANG_WARN_INT_CONVERSION = YES;
				CLANG_WARN_OBJC_ROOT_CLASS = YES_ERROR;
				CLANG_WARN_SUSPICIOUS_MOVE = YES;
				CLANG_WARN_UNREACHABLE_CODE = YES;
				CLANG_WARN__DUPLICATE_METHOD_MATCH = YES;
				"CODE_SIGN_IDENTITY[sdk=iphoneos*]" = "iPhone Developer";
				COPY_PHASE_STRIP = NO;
				DEBUG_INFORMATION_FORMAT = "dwarf-with-dsym";
				ENABLE_NS_ASSERTIONS = NO;
				ENABLE_STRICT_OBJC_MSGSEND = YES;
				GCC_C_LANGUAGE_STANDARD = gnu99;
				GCC_NO_COMMON_BLOCKS = YES;
				GCC_WARN_64_TO_32_BIT_CONVERSION = YES;
				GCC_WARN_ABOUT_RETURN_TYPE = YES_ERROR;
				GCC_WARN_UNDECLARED_SELECTOR = YES;
				GCC_WARN_UNINITIALIZED_AUTOS = YES_AGGRESSIVE;
				GCC_WARN_UNUSED_FUNCTION = YES;
				GCC_WARN_UNUSED_VARIABLE = YES;
				IPHONEOS_DEPLOYMENT_TARGET = 10.2;
				MTL_ENABLE_DEBUG_INFO = NO;
				SDKROOT = iphoneos;
				SWIFT_OPTIMIZATION_LEVEL = "-Owholemodule";
				VALIDATE_PRODUCT = YES;
			};
			name = Release;
		};
		8BA69B1A1E6E96E800FCF440 /* Debug */ = {
			isa = XCBuildConfiguration;
			baseConfigurationReference = E5E2E3D54D415DE6918E165E /* Pods-RJWeiBo.debug.xcconfig */;
			buildSettings = {
				ASSETCATALOG_COMPILER_APPICON_NAME = AppIcon;
				DEVELOPMENT_TEAM = 4S6656AKC4;
				INFOPLIST_FILE = RJWeiBo/Info.plist;
				LD_RUNPATH_SEARCH_PATHS = "$(inherited) @executable_path/Frameworks";
				PRODUCT_BUNDLE_IDENTIFIER = www.zuihuibao.cn.RJWeiBo;
				PRODUCT_NAME = "$(TARGET_NAME)";
				PROVISIONING_PROFILE = "44570426-8028-4c37-868c-21cde2cd1d1b";
				PROVISIONING_PROFILE_SPECIFIER = develop_allruan;
				SWIFT_VERSION = 3.0;
			};
			name = Debug;
		};
		8BA69B1B1E6E96E800FCF440 /* Release */ = {
			isa = XCBuildConfiguration;
			baseConfigurationReference = 296D0D1D65FA9F57F05527F6 /* Pods-RJWeiBo.release.xcconfig */;
			buildSettings = {
				ASSETCATALOG_COMPILER_APPICON_NAME = AppIcon;
				DEVELOPMENT_TEAM = 4S6656AKC4;
				INFOPLIST_FILE = RJWeiBo/Info.plist;
				LD_RUNPATH_SEARCH_PATHS = "$(inherited) @executable_path/Frameworks";
				PRODUCT_BUNDLE_IDENTIFIER = www.zuihuibao.cn.RJWeiBo;
				PRODUCT_NAME = "$(TARGET_NAME)";
				PROVISIONING_PROFILE = "44570426-8028-4c37-868c-21cde2cd1d1b";
				PROVISIONING_PROFILE_SPECIFIER = develop_allruan;
				SWIFT_VERSION = 3.0;
			};
			name = Release;
		};
		8BA69B1D1E6E96E800FCF440 /* Debug */ = {
			isa = XCBuildConfiguration;
			buildSettings = {
				ALWAYS_EMBED_SWIFT_STANDARD_LIBRARIES = YES;
				BUNDLE_LOADER = "$(TEST_HOST)";
				INFOPLIST_FILE = RJWeiBoTests/Info.plist;
				LD_RUNPATH_SEARCH_PATHS = "$(inherited) @executable_path/Frameworks @loader_path/Frameworks";
				PRODUCT_BUNDLE_IDENTIFIER = www.zuihuibao.cn.RJWeiBoTests;
				PRODUCT_NAME = "$(TARGET_NAME)";
				SWIFT_VERSION = 3.0;
				TEST_HOST = "$(BUILT_PRODUCTS_DIR)/RJWeiBo.app/RJWeiBo";
			};
			name = Debug;
		};
		8BA69B1E1E6E96E800FCF440 /* Release */ = {
			isa = XCBuildConfiguration;
			buildSettings = {
				ALWAYS_EMBED_SWIFT_STANDARD_LIBRARIES = YES;
				BUNDLE_LOADER = "$(TEST_HOST)";
				INFOPLIST_FILE = RJWeiBoTests/Info.plist;
				LD_RUNPATH_SEARCH_PATHS = "$(inherited) @executable_path/Frameworks @loader_path/Frameworks";
				PRODUCT_BUNDLE_IDENTIFIER = www.zuihuibao.cn.RJWeiBoTests;
				PRODUCT_NAME = "$(TARGET_NAME)";
				SWIFT_VERSION = 3.0;
				TEST_HOST = "$(BUILT_PRODUCTS_DIR)/RJWeiBo.app/RJWeiBo";
			};
			name = Release;
		};
		8BA69B201E6E96E800FCF440 /* Debug */ = {
			isa = XCBuildConfiguration;
			buildSettings = {
				ALWAYS_EMBED_SWIFT_STANDARD_LIBRARIES = YES;
				INFOPLIST_FILE = RJWeiBoUITests/Info.plist;
				LD_RUNPATH_SEARCH_PATHS = "$(inherited) @executable_path/Frameworks @loader_path/Frameworks";
				PRODUCT_BUNDLE_IDENTIFIER = www.zuihuibao.cn.RJWeiBoUITests;
				PRODUCT_NAME = "$(TARGET_NAME)";
				SWIFT_VERSION = 3.0;
				TEST_TARGET_NAME = RJWeiBo;
			};
			name = Debug;
		};
		8BA69B211E6E96E800FCF440 /* Release */ = {
			isa = XCBuildConfiguration;
			buildSettings = {
				ALWAYS_EMBED_SWIFT_STANDARD_LIBRARIES = YES;
				INFOPLIST_FILE = RJWeiBoUITests/Info.plist;
				LD_RUNPATH_SEARCH_PATHS = "$(inherited) @executable_path/Frameworks @loader_path/Frameworks";
				PRODUCT_BUNDLE_IDENTIFIER = www.zuihuibao.cn.RJWeiBoUITests;
				PRODUCT_NAME = "$(TARGET_NAME)";
				SWIFT_VERSION = 3.0;
				TEST_TARGET_NAME = RJWeiBo;
			};
			name = Release;
		};
/* End XCBuildConfiguration section */

/* Begin XCConfigurationList section */
		8BA69AEC1E6E96E800FCF440 /* Build configuration list for PBXProject "RJWeiBo" */ = {
			isa = XCConfigurationList;
			buildConfigurations = (
				8BA69B171E6E96E800FCF440 /* Debug */,
				8BA69B181E6E96E800FCF440 /* Release */,
			);
			defaultConfigurationIsVisible = 0;
			defaultConfigurationName = Release;
		};
		8BA69B191E6E96E800FCF440 /* Build configuration list for PBXNativeTarget "RJWeiBo" */ = {
			isa = XCConfigurationList;
			buildConfigurations = (
				8BA69B1A1E6E96E800FCF440 /* Debug */,
				8BA69B1B1E6E96E800FCF440 /* Release */,
			);
			defaultConfigurationIsVisible = 0;
			defaultConfigurationName = Release;
		};
		8BA69B1C1E6E96E800FCF440 /* Build configuration list for PBXNativeTarget "RJWeiBoTests" */ = {
			isa = XCConfigurationList;
			buildConfigurations = (
				8BA69B1D1E6E96E800FCF440 /* Debug */,
				8BA69B1E1E6E96E800FCF440 /* Release */,
			);
			defaultConfigurationIsVisible = 0;
			defaultConfigurationName = Release;
		};
		8BA69B1F1E6E96E800FCF440 /* Build configuration list for PBXNativeTarget "RJWeiBoUITests" */ = {
			isa = XCConfigurationList;
			buildConfigurations = (
				8BA69B201E6E96E800FCF440 /* Debug */,
				8BA69B211E6E96E800FCF440 /* Release */,
			);
			defaultConfigurationIsVisible = 0;
			defaultConfigurationName = Release;
		};
/* End XCConfigurationList section */
	};
	rootObject = 8BA69AE91E6E96E800FCF440 /* Project object */;
}
